{
  "name": "random-fruits-dependency",
  "version": "1.0.0",
  "lockfileVersion": 2,
  "requires": true,
  "packages": {
    "": {
      "name": "random-fruits-dependency",
      "version": "1.0.0",
      "license": "ISC",
      "dependencies": {
        "random-fruits-name": "^1.9.5"
      }
    },
    "node_modules/random-fruits-name": {
      "version": "1.9.5",
      "resolved": "https://registry.npmjs.org/random-fruits-name/-/random-fruits-name-1.9.5.tgz",
      "integrity": "sha512-oBJENH7T9Svs991dF4fDe7RaKqFOdoZvc0xIm08DiS4lVW3EutN0H8DYyNPskkrBpCbc9HJZwbNDT5+HrgKyaw=="
    }
  },
  "dependencies": {
    "random-fruits-name": {
      "version": "1.9.5",
      "resolved": "https://registry.npmjs.org/random-fruits-name/-/random-fruits-name-1.9.5.tgz",
      "integrity": "sha512-oBJENH7T9Svs991dF4fDe7RaKqFOdoZvc0xIm08DiS4lVW3EutN0H8DYyNPskkrBpCbc9HJZwbNDT5+HrgKyaw=="
    }
  }
}
